
Microsoft Visual Studio Solution File, Format Version 12.00
# Visual Studio Version 17
VisualStudioVersion = 17.14.36109.1 d17.14
MinimumVisualStudioVersion = 10.0.40219.1
Project("{FAE04EC0-301F-11D3-BF4B-00C04F79EFBC}") = "FileStoringService", "FileStoringService\FileStoringService.csproj", "{9460CE0D-2E0D-4B29-BB13-532035B5A72A}"
EndProject
Project("{FAE04EC0-301F-11D3-BF4B-00C04F79EFBC}") = "FileAnalisysService", "FileAnalisysService\FileAnalisysService.csproj", "{8176421B-D89E-4DD8-8D51-6B7E061C50F7}"
EndProject
Project("{FAE04EC0-301F-11D3-BF4B-00C04F79EFBC}") = "APIGateway", "APIGateway\APIGateway.csproj", "{3123E16B-FC97-49E5-968B-C9DE48D5456C}"
EndProject
Project("{2150E333-8FDC-42A3-9474-1A3956D46DE8}") = "Элементы решения", "Элементы решения", "{754FC069-D67B-A9D7-50A1-8D1CA196D8F1}"
	ProjectSection(SolutionItems) = preProject
		docker-compose.yml = docker-compose.yml
	EndProjectSection
EndProject
Global
	GlobalSection(SolutionConfigurationPlatforms) = preSolution
		Debug|Any CPU = Debug|Any CPU
		Release|Any CPU = Release|Any CPU
	EndGlobalSection
	GlobalSection(ProjectConfigurationPlatforms) = postSolution
		{9460CE0D-2E0D-4B29-BB13-532035B5A72A}.Debug|Any CPU.ActiveCfg = Debug|Any CPU
		{9460CE0D-2E0D-4B29-BB13-532035B5A72A}.Debug|Any CPU.Build.0 = Debug|Any CPU
		{9460CE0D-2E0D-4B29-BB13-532035B5A72A}.Release|Any CPU.ActiveCfg = Release|Any CPU
		{9460CE0D-2E0D-4B29-BB13-532035B5A72A}.Release|Any CPU.Build.0 = Release|Any CPU
		{8176421B-D89E-4DD8-8D51-6B7E061C50F7}.Debug|Any CPU.ActiveCfg = Debug|Any CPU
		{8176421B-D89E-4DD8-8D51-6B7E061C50F7}.Debug|Any CPU.Build.0 = Debug|Any CPU
		{8176421B-D89E-4DD8-8D51-6B7E061C50F7}.Release|Any CPU.ActiveCfg = Release|Any CPU
		{8176421B-D89E-4DD8-8D51-6B7E061C50F7}.Release|Any CPU.Build.0 = Release|Any CPU
		{3123E16B-FC97-49E5-968B-C9DE48D5456C}.Debug|Any CPU.ActiveCfg = Debug|Any CPU
		{3123E16B-FC97-49E5-968B-C9DE48D5456C}.Debug|Any CPU.Build.0 = Debug|Any CPU
		{3123E16B-FC97-49E5-968B-C9DE48D5456C}.Release|Any CPU.ActiveCfg = Release|Any CPU
		{3123E16B-FC97-49E5-968B-C9DE48D5456C}.Release|Any CPU.Build.0 = Release|Any CPU
	EndGlobalSection
	GlobalSection(SolutionProperties) = preSolution
		HideSolutionNode = FALSE
	EndGlobalSection
	GlobalSection(ExtensibilityGlobals) = postSolution
		SolutionGuid = {65E0E5BB-6A11-4D3D-92E2-BF4811D3F03E}
	EndGlobalSection
EndGlobal
